// !$*UTF8*$!
{
	archiveVersion = 1;
	classes = {
	};
	objectVersion = 46;
	objects = {

/* Begin PBXBuildFile section */
		E53405B01A3020CE00A474C1 /* FieryCrucible.h in Headers */ = {isa = PBXBuildFile; fileRef = E53405AF1A3020CE00A474C1 /* FieryCrucible.h */; settings = {ATTRIBUTES = (Public, ); }; };
		E53405B61A3020CF00A474C1 /* FieryCrucible.framework in Frameworks */ = {isa = PBXBuildFile; fileRef = E53405AA1A3020CE00A474C1 /* FieryCrucible.framework */; };
		E53405BD1A3020CF00A474C1 /* FieryCrucibleTests.swift in Sources */ = {isa = PBXBuildFile; fileRef = E53405BC1A3020CF00A474C1 /* FieryCrucibleTests.swift */; };
		E5A928C81A32C0B60071875D /* DependencyFactory.swift in Sources */ = {isa = PBXBuildFile; fileRef = E5A928C71A32C0B60071875D /* DependencyFactory.swift */; };
/* End PBXBuildFile section */

/* Begin PBXContainerItemProxy section */
		E53405B71A3020CF00A474C1 /* PBXContainerItemProxy */ = {
			isa = PBXContainerItemProxy;
			containerPortal = E53405A11A3020CE00A474C1 /* Project object */;
			proxyType = 1;
			remoteGlobalIDString = E53405A91A3020CE00A474C1;
			remoteInfo = FieryCrucible;
		};
/* End PBXContainerItemProxy section */

/* Begin PBXFileReference section */
		E53405AA1A3020CE00A474C1 /* FieryCrucible.framework */ = {isa = PBXFileReference; explicitFileType = wrapper.framework; includeInIndex = 0; path = FieryCrucible.framework; sourceTree = BUILT_PRODUCTS_DIR; };
		E53405AE1A3020CE00A474C1 /* Info.plist */ = {isa = PBXFileReference; lastKnownFileType = text.plist.xml; path = Info.plist; sourceTree = "<group>"; };
		E53405AF1A3020CE00A474C1 /* FieryCrucible.h */ = {isa = PBXFileReference; lastKnownFileType = sourcecode.c.h; path = FieryCrucible.h; sourceTree = "<group>"; };
		E53405B51A3020CF00A474C1 /* FieryCrucibleTests.xctest */ = {isa = PBXFileReference; explicitFileType = wrapper.cfbundle; includeInIndex = 0; path = FieryCrucibleTests.xctest; sourceTree = BUILT_PRODUCTS_DIR; };
		E53405BB1A3020CF00A474C1 /* Info.plist */ = {isa = PBXFileReference; lastKnownFileType = text.plist.xml; path = Info.plist; sourceTree = "<group>"; };
		E53405BC1A3020CF00A474C1 /* FieryCrucibleTests.swift */ = {isa = PBXFileReference; lastKnownFileType = sourcecode.swift; path = FieryCrucibleTests.swift; sourceTree = "<group>"; };
		E5A928C71A32C0B60071875D /* DependencyFactory.swift */ = {isa = PBXFileReference; fileEncoding = 4; lastKnownFileType = sourcecode.swift; path = DependencyFactory.swift; sourceTree = "<group>"; };
/* End PBXFileReference section */

/* Begin PBXFrameworksBuildPhase section */
		E53405A61A3020CE00A474C1 /* Frameworks */ = {
			isa = PBXFrameworksBuildPhase;
			buildActionMask = 2147483647;
			files = (
			);
			runOnlyForDeploymentPostprocessing = 0;
		};
		E53405B21A3020CF00A474C1 /* Frameworks */ = {
			isa = PBXFrameworksBuildPhase;
			buildActionMask = 2147483647;
			files = (
				E53405B61A3020CF00A474C1 /* FieryCrucible.framework in Frameworks */,
			);
			runOnlyForDeploymentPostprocessing = 0;
		};
/* End PBXFrameworksBuildPhase section */

/* Begin PBXGroup section */
		E53405A01A3020CE00A474C1 = {
			isa = PBXGroup;
			children = (
				E53405AC1A3020CE00A474C1 /* FieryCrucible */,
				E53405B91A3020CF00A474C1 /* FieryCrucibleTests */,
				E53405AB1A3020CE00A474C1 /* Products */,
			);
			sourceTree = "<group>";
		};
		E53405AB1A3020CE00A474C1 /* Products */ = {
			isa = PBXGroup;
			children = (
				E53405AA1A3020CE00A474C1 /* FieryCrucible.framework */,
				E53405B51A3020CF00A474C1 /* FieryCrucibleTests.xctest */,
			);
			name = Products;
			sourceTree = "<group>";
		};
		E53405AC1A3020CE00A474C1 /* FieryCrucible */ = {
			isa = PBXGroup;
			children = (
				E53405AF1A3020CE00A474C1 /* FieryCrucible.h */,
				E5A928C71A32C0B60071875D /* DependencyFactory.swift */,
				E53405AD1A3020CE00A474C1 /* Supporting Files */,
			);
			path = FieryCrucible;
			sourceTree = "<group>";
		};
		E53405AD1A3020CE00A474C1 /* Supporting Files */ = {
			isa = PBXGroup;
			children = (
				E53405AE1A3020CE00A474C1 /* Info.plist */,
			);
			name = "Supporting Files";
			sourceTree = "<group>";
		};
		E53405B91A3020CF00A474C1 /* FieryCrucibleTests */ = {
			isa = PBXGroup;
			children = (
				E53405BC1A3020CF00A474C1 /* FieryCrucibleTests.swift */,
				E53405BA1A3020CF00A474C1 /* Supporting Files */,
			);
			path = FieryCrucibleTests;
			sourceTree = "<group>";
		};
		E53405BA1A3020CF00A474C1 /* Supporting Files */ = {
			isa = PBXGroup;
			children = (
				E53405BB1A3020CF00A474C1 /* Info.plist */,
			);
			name = "Supporting Files";
			sourceTree = "<group>";
		};
/* End PBXGroup section */

/* Begin PBXHeadersBuildPhase section */
		E53405A71A3020CE00A474C1 /* Headers */ = {
			isa = PBXHeadersBuildPhase;
			buildActionMask = 2147483647;
			files = (
				E53405B01A3020CE00A474C1 /* FieryCrucible.h in Headers */,
			);
			runOnlyForDeploymentPostprocessing = 0;
		};
/* End PBXHeadersBuildPhase section */

/* Begin PBXNativeTarget section */
		E53405A91A3020CE00A474C1 /* FieryCrucible */ = {
			isa = PBXNativeTarget;
			buildConfigurationList = E53405C01A3020CF00A474C1 /* Build configuration list for PBXNativeTarget "FieryCrucible" */;
			buildPhases = (
				E53405A51A3020CE00A474C1 /* Sources */,
				E53405A61A3020CE00A474C1 /* Frameworks */,
				E53405A71A3020CE00A474C1 /* Headers */,
				E53405A81A3020CE00A474C1 /* Resources */,
			);
			buildRules = (
			);
			dependencies = (
			);
			name = FieryCrucible;
			productName = FieryCrucible;
			productReference = E53405AA1A3020CE00A474C1 /* FieryCrucible.framework */;
			productType = "com.apple.product-type.framework";
		};
		E53405B41A3020CF00A474C1 /* FieryCrucibleTests */ = {
			isa = PBXNativeTarget;
			buildConfigurationList = E53405C31A3020CF00A474C1 /* Build configuration list for PBXNativeTarget "FieryCrucibleTests" */;
			buildPhases = (
				E53405B11A3020CF00A474C1 /* Sources */,
				E53405B21A3020CF00A474C1 /* Frameworks */,
				E53405B31A3020CF00A474C1 /* Resources */,
			);
			buildRules = (
			);
			dependencies = (
				E53405B81A3020CF00A474C1 /* PBXTargetDependency */,
			);
			name = FieryCrucibleTests;
			productName = FieryCrucibleTests;
			productReference = E53405B51A3020CF00A474C1 /* FieryCrucibleTests.xctest */;
			productType = "com.apple.product-type.bundle.unit-test";
		};
/* End PBXNativeTarget section */

/* Begin PBXProject section */
		E53405A11A3020CE00A474C1 /* Project object */ = {
			isa = PBXProject;
			attributes = {
				LastUpgradeCheck = 0610;
				ORGANIZATIONNAME = "Justin Kolb";
				TargetAttributes = {
					E53405A91A3020CE00A474C1 = {
						CreatedOnToolsVersion = 6.1.1;
					};
					E53405B41A3020CF00A474C1 = {
						CreatedOnToolsVersion = 6.1.1;
					};
				};
			};
			buildConfigurationList = E53405A41A3020CE00A474C1 /* Build configuration list for PBXProject "FieryCrucible" */;
			compatibilityVersion = "Xcode 3.2";
			developmentRegion = English;
			hasScannedForEncodings = 0;
			knownRegions = (
				en,
			);
			mainGroup = E53405A01A3020CE00A474C1;
			productRefGroup = E53405AB1A3020CE00A474C1 /* Products */;
			projectDirPath = "";
			projectRoot = "";
			targets = (
				E53405A91A3020CE00A474C1 /* FieryCrucible */,
				E53405B41A3020CF00A474C1 /* FieryCrucibleTests */,
			);
		};
/* End PBXProject section */

/* Begin PBXResourcesBuildPhase section */
		E53405A81A3020CE00A474C1 /* Resources */ = {
			isa = PBXResourcesBuildPhase;
			buildActionMask = 2147483647;
			files = (
			);
			runOnlyForDeploymentPostprocessing = 0;
		};
		E53405B31A3020CF00A474C1 /* Resources */ = {
			isa = PBXResourcesBuildPhase;
			buildActionMask = 2147483647;
			files = (
			);
			runOnlyForDeploymentPostprocessing = 0;
		};
/* End PBXResourcesBuildPhase section */

/* Begin PBXSourcesBuildPhase section */
		E53405A51A3020CE00A474C1 /* Sources */ = {
			isa = PBXSourcesBuildPhase;
			buildActionMask = 2147483647;
			files = (
				E5A928C81A32C0B60071875D /* DependencyFactory.swift in Sources */,
			);
			runOnlyForDeploymentPostprocessing = 0;
		};
		E53405B11A3020CF00A474C1 /* Sources */ = {
			isa = PBXSourcesBuildPhase;
			buildActionMask = 2147483647;
			files = (
				E53405BD1A3020CF00A474C1 /* FieryCrucibleTests.swift in Sources */,
			);
			runOnlyForDeploymentPostprocessing = 0;
		};
/* End PBXSourcesBuildPhase section */

/* Begin PBXTargetDependency section */
		E53405B81A3020CF00A474C1 /* PBXTargetDependency */ = {
			isa = PBXTargetDependency;
			target = E53405A91A3020CE00A474C1 /* FieryCrucible */;
			targetProxy = E53405B71A3020CF00A474C1 /* PBXContainerItemProxy */;
		};
/* End PBXTargetDependency section */

/* Begin XCBuildConfiguration section */
		E53405BE1A3020CF00A474C1 /* Debug */ = {
			isa = XCBuildConfiguration;
			buildSettings = {
				ALWAYS_SEARCH_USER_PATHS = NO;
				CLANG_CXX_LANGUAGE_STANDARD = "gnu++0x";
				CLANG_CXX_LIBRARY = "libc++";
				CLANG_ENABLE_MODULES = YES;
				CLANG_ENABLE_OBJC_ARC = YES;
				CLANG_WARN_BOOL_CONVERSION = YES;
				CLANG_WARN_CONSTANT_CONVERSION = YES;
				CLANG_WARN_DIRECT_OBJC_ISA_USAGE = YES_ERROR;
				CLANG_WARN_EMPTY_BODY = YES;
				CLANG_WARN_ENUM_CONVERSION = YES;
				CLANG_WARN_INT_CONVERSION = YES;
				CLANG_WARN_OBJC_ROOT_CLASS = YES_ERROR;
				CLANG_WARN_UNREACHABLE_CODE = YES;
				CLANG_WARN__DUPLICATE_METHOD_MATCH = YES;
				"CODE_SIGN_IDENTITY[sdk=iphoneos*]" = "iPhone Developer";
				COPY_PHASE_STRIP = NO;
				CURRENT_PROJECT_VERSION = 1;
				ENABLE_STRICT_OBJC_MSGSEND = YES;
				GCC_C_LANGUAGE_STANDARD = gnu99;
				GCC_DYNAMIC_NO_PIC = NO;
				GCC_OPTIMIZATION_LEVEL = 0;
				GCC_PREPROCESSOR_DEFINITIONS = (
					"DEBUG=1",
					"$(inherited)",
				);
				GCC_SYMBOLS_PRIVATE_EXTERN = NO;
				GCC_WARN_64_TO_32_BIT_CONVERSION = YES;
				GCC_WARN_ABOUT_RETURN_TYPE = YES_ERROR;
				GCC_WARN_UNDECLARED_SELECTOR = YES;
				GCC_WARN_UNINITIALIZED_AUTOS = YES_AGGRESSIVE;
				GCC_WARN_UNUSED_FUNCTION = YES;
				GCC_WARN_UNUSED_VARIABLE = YES;
				IPHONEOS_DEPLOYMENT_TARGET = 8.1;
				MTL_ENABLE_DEBUG_INFO = YES;
				ONLY_ACTIVE_ARCH = YES;
				SDKROOT = iphoneos;
				SWIFT_OPTIMIZATION_LEVEL = "-Onone";
				SWIFT_WHOLE_MODULE_OPTIMIZATION = YES;
				TARGETED_DEVICE_FAMILY = "1,2";
				VERSIONING_SYSTEM = "apple-generic";
				VERSION_INFO_PREFIX = "";
			};
			name = Debug;
		};
		E53405BF1A3020CF00A474C1 /* Release */ = {
			isa = XCBuildConfiguration;
			buildSettings = {
				ALWAYS_SEARCH_USER_PATHS = NO;
				CLANG_CXX_LANGUAGE_STANDARD = "gnu++0x";
				CLANG_CXX_LIBRARY = "libc++";
				CLANG_ENABLE_MODULES = YES;
				CLANG_ENABLE_OBJC_ARC = YES;
				CLANG_WARN_BOOL_CONVERSION = YES;
				CLANG_WARN_CONSTANT_CONVERSION = YES;
				CLANG_WARN_DIRECT_OBJC_ISA_USAGE = YES_ERROR;
				CLANG_WARN_EMPTY_BODY = YES;
				CLANG_WARN_ENUM_CONVERSION = YES;
				CLANG_WARN_INT_CONVERSION = YES;
				CLANG_WARN_OBJC_ROOT_CLASS = YES_ERROR;
				CLANG_WARN_UNREACHABLE_CODE = YES;
				CLANG_WARN__DUPLICATE_METHOD_MATCH = YES;
				"CODE_SIGN_IDENTITY[sdk=iphoneos*]" = "iPhone Developer";
				COPY_PHASE_STRIP = YES;
				CURRENT_PROJECT_VERSION = 1;
				ENABLE_NS_ASSERTIONS = NO;
				ENABLE_STRICT_OBJC_MSGSEND = YES;
				GCC_C_LANGUAGE_STANDARD = gnu99;
				GCC_WARN_64_TO_32_BIT_CONVERSION = YES;
				GCC_WARN_ABOUT_RETURN_TYPE = YES_ERROR;
				GCC_WARN_UNDECLARED_SELECTOR = YES;
				GCC_WARN_UNINITIALIZED_AUTOS = YES_AGGRESSIVE;
				GCC_WARN_UNUSED_FUNCTION = YES;
				GCC_WARN_UNUSED_VARIABLE = YES;
				IPHONEOS_DEPLOYMENT_TARGET = 8.1;
				MTL_ENABLE_DEBUG_INFO = NO;
				SDKROOT = iphoneos;
				SWIFT_WHOLE_MODULE_OPTIMIZATION = YES;
				TARGETED_DEVICE_FAMILY = "1,2";
				VALIDATE_PRODUCT = YES;
				VERSIONING_SYSTEM = "apple-generic";
				VERSION_INFO_PREFIX = "";
			};
			name = Release;
		};
		E53405C11A3020CF00A474C1 /* Debug */ = {
			isa = XCBuildConfiguration;
			buildSettings = {
				DEFINES_MODULE = YES;
				DYLIB_COMPATIBILITY_VERSION = 1;
				DYLIB_CURRENT_VERSION = 1;
				DYLIB_INSTALL_NAME_BASE = "@rpath";
				INFOPLIST_FILE = FieryCrucible/Info.plist;
				INSTALL_PATH = "$(LOCAL_LIBRARY_DIR)/Frameworks";
				LD_RUNPATH_SEARCH_PATHS = "$(inherited) @executable_path/Frameworks @loader_path/Frameworks";
				PRODUCT_NAME = "$(TARGET_NAME)";
				SKIP_INSTALL = YES;
			};
			name = Debug;
		};
		E53405C21A3020CF00A474C1 /* Release */ = {
			isa = XCBuildConfiguration;
			buildSettings = {
				DEFINES_MODULE = YES;
				DYLIB_COMPATIBILITY_VERSION = 1;
				DYLIB_CURRENT_VERSION = 1;
				DYLIB_INSTALL_NAME_BASE = "@rpath";
				INFOPLIST_FILE = FieryCrucible/Info.plist;
				INSTALL_PATH = "$(LOCAL_LIBRARY_DIR)/Frameworks";
				LD_RUNPATH_SEARCH_PATHS = "$(inherited) @executable_path/Frameworks @loader_path/Frameworks";
				PRODUCT_NAME = "$(TARGET_NAME)";
				SKIP_INSTALL = YES;
			};
			name = Release;
		};
		E53405C41A3020CF00A474C1 /* Debug */ = {
			isa = XCBuildConfiguration;
			buildSettings = {
				FRAMEWORK_SEARCH_PATHS = (
					"$(SDKROOT)/Developer/Library/Frameworks",
					"$(inherited)",
				);
				GCC_PREPROCESSOR_DEFINITIONS = (
					"DEBUG=1",
					"$(inherited)",
				);
				INFOPLIST_FILE = FieryCrucibleTests/Info.plist;
				LD_RUNPATH_SEARCH_PATHS = "$(inherited) @executable_path/Frameworks @loader_path/Frameworks";
				PRODUCT_NAME = "$(TARGET_NAME)";
			};
			name = Debug;
		};
		E53405C51A3020CF00A474C1 /* Release */ = {
			isa = XCBuildConfiguration;
			buildSettings = {
				FRAMEWORK_SEARCH_PATHS = (
					"$(SDKROOT)/Developer/Library/Frameworks",
					"$(inherited)",
				);
				INFOPLIST_FILE = FieryCrucibleTests/Info.plist;
				LD_RUNPATH_SEARCH_PATHS = "$(inherited) @executable_path/Frameworks @loader_path/Frameworks";
				PRODUCT_NAME = "$(TARGET_NAME)";
			};
			name = Release;
		};
/* End XCBuildConfiguration section */

/* Begin XCConfigurationList section */
		E53405A41A3020CE00A474C1 /* Build configuration list for PBXProject "FieryCrucible" */ = {
			isa = XCConfigurationList;
			buildConfigurations = (
				E53405BE1A3020CF00A474C1 /* Debug */,
				E53405BF1A3020CF00A474C1 /* Release */,
			);
			defaultConfigurationIsVisible = 0;
			defaultConfigurationName = Release;
		};
		E53405C01A3020CF00A474C1 /* Build configuration list for PBXNativeTarget "FieryCrucible" */ = {
			isa = XCConfigurationList;
			buildConfigurations = (
				E53405C11A3020CF00A474C1 /* Debug */,
				E53405C21A3020CF00A474C1 /* Release */,
			);
			defaultConfigurationIsVisible = 0;
			defaultConfigurationName = Release;
		};
		E53405C31A3020CF00A474C1 /* Build configuration list for PBXNativeTarget "FieryCrucibleTests" */ = {
			isa = XCConfigurationList;
			buildConfigurations = (
				E53405C41A3020CF00A474C1 /* Debug */,
				E53405C51A3020CF00A474C1 /* Release */,
			);
			defaultConfigurationIsVisible = 0;
			defaultConfigurationName = Release;
		};
/* End XCConfigurationList section */
	};
	rootObject = E53405A11A3020CE00A474C1 /* Project object */;
}
