// !$*UTF8*$!
{
	archiveVersion = 1;
	classes = {
	};
	objectVersion = 46;
	objects = {

/* Begin PBXBuildFile section */
		_LinkFileRef_FieryCrucible_via_FieryCrucibleTests /* FieryCrucible.framework in Frameworks */ = {isa = PBXBuildFile; fileRef = "_____Product_FieryCrucible" /* FieryCrucible.framework */; };
		__src_cc_ref_Sources/DependencyFactory.swift /* DependencyFactory.swift in Sources */ = {isa = PBXBuildFile; fileRef = __PBXFileRef_Sources/DependencyFactory.swift /* DependencyFactory.swift */; };
		__src_cc_ref_Tests/FieryCrucibleTests/FieryCrucibleTests.swift /* FieryCrucibleTests.swift in Sources */ = {isa = PBXBuildFile; fileRef = __PBXFileRef_Tests/FieryCrucibleTests/FieryCrucibleTests.swift /* FieryCrucibleTests.swift */; };
/* End PBXBuildFile section */

/* Begin PBXContainerItemProxy section */
		E5F053291DA1E7650061A18D /* PBXContainerItemProxy */ = {
			isa = PBXContainerItemProxy;
			containerPortal = __RootObject_ /* Project object */;
			proxyType = 1;
			remoteGlobalIDString = "______Target_FieryCrucible";
			remoteInfo = FieryCrucible;
		};
/* End PBXContainerItemProxy section */

/* Begin PBXFileReference section */
		E5F0532A1DA1E7730061A18D /* LICENSE */ = {isa = PBXFileReference; fileEncoding = 4; lastKnownFileType = text; path = LICENSE; sourceTree = "<group>"; };
		E5F0532B1DA1E7730061A18D /* README.md */ = {isa = PBXFileReference; fileEncoding = 4; lastKnownFileType = net.daringfireball.markdown; path = README.md; sourceTree = "<group>"; };
		__PBXFileRef_FieryCrucible.xcodeproj/Configs/Project.xcconfig /* FieryCrucible.xcodeproj/Configs/Project.xcconfig */ = {isa = PBXFileReference; lastKnownFileType = text.xcconfig; path = FieryCrucible.xcodeproj/Configs/Project.xcconfig; sourceTree = "<group>"; };
		__PBXFileRef_Package.swift /* Package.swift */ = {isa = PBXFileReference; lastKnownFileType = sourcecode.swift; path = Package.swift; sourceTree = "<group>"; };
		__PBXFileRef_Sources/DependencyFactory.swift /* DependencyFactory.swift */ = {isa = PBXFileReference; lastKnownFileType = sourcecode.swift; path = DependencyFactory.swift; sourceTree = "<group>"; };
		__PBXFileRef_Tests/FieryCrucibleTests/FieryCrucibleTests.swift /* FieryCrucibleTests.swift */ = {isa = PBXFileReference; lastKnownFileType = sourcecode.swift; path = FieryCrucibleTests.swift; sourceTree = "<group>"; };
		"_____Product_FieryCrucible" /* FieryCrucible.framework */ = {isa = PBXFileReference; explicitFileType = wrapper.framework; path = FieryCrucible.framework; sourceTree = BUILT_PRODUCTS_DIR; };
		"_____Product_FieryCrucibleTests" /* FieryCrucibleTests.xctest */ = {isa = PBXFileReference; lastKnownFileType = file; path = FieryCrucibleTests.xctest; sourceTree = BUILT_PRODUCTS_DIR; };
/* End PBXFileReference section */

/* Begin PBXFrameworksBuildPhase section */
		"___LinkPhase_FieryCrucible" /* Frameworks */ = {
			isa = PBXFrameworksBuildPhase;
			buildActionMask = 0;
			files = (
			);
			runOnlyForDeploymentPostprocessing = 0;
		};
		"___LinkPhase_FieryCrucibleTests" /* Frameworks */ = {
			isa = PBXFrameworksBuildPhase;
			buildActionMask = 0;
			files = (
				_LinkFileRef_FieryCrucible_via_FieryCrucibleTests /* FieryCrucible.framework in Frameworks */,
			);
			runOnlyForDeploymentPostprocessing = 0;
		};
/* End PBXFrameworksBuildPhase section */

/* Begin PBXGroup section */
		TestProducts_ /* Tests */ = {
			isa = PBXGroup;
			children = (
				"_____Product_FieryCrucibleTests" /* FieryCrucibleTests.xctest */,
			);
			name = Tests;
			sourceTree = "<group>";
		};
		"___RootGroup_" = {
			isa = PBXGroup;
			children = (
				E5F0532A1DA1E7730061A18D /* LICENSE */,
				E5F0532B1DA1E7730061A18D /* README.md */,
				__PBXFileRef_Package.swift /* Package.swift */,
				"_____Configs_" /* Configs */,
				"_____Sources_" /* Sources */,
				"_______Tests_" /* Tests */,
				"____Products_" /* Products */,
			);
			sourceTree = "<group>";
		};
		"____Products_" /* Products */ = {
			isa = PBXGroup;
			children = (
				TestProducts_ /* Tests */,
				"_____Product_FieryCrucible" /* FieryCrucible.framework */,
			);
			name = Products;
			sourceTree = "<group>";
		};
		"_____Configs_" /* Configs */ = {
			isa = PBXGroup;
			children = (
				__PBXFileRef_FieryCrucible.xcodeproj/Configs/Project.xcconfig /* FieryCrucible.xcodeproj/Configs/Project.xcconfig */,
			);
			name = Configs;
			sourceTree = "<group>";
		};
		"_____Sources_" /* Sources */ = {
			isa = PBXGroup;
			children = (
				"_______Group_FieryCrucible" /* FieryCrucible */,
			);
			name = Sources;
			sourceTree = "<group>";
		};
		"_______Group_FieryCrucible" /* FieryCrucible */ = {
			isa = PBXGroup;
			children = (
				__PBXFileRef_Sources/DependencyFactory.swift /* DependencyFactory.swift */,
			);
			name = FieryCrucible;
			path = Sources;
			sourceTree = "<group>";
		};
		"_______Group_FieryCrucibleTests" /* FieryCrucibleTests */ = {
			isa = PBXGroup;
			children = (
				__PBXFileRef_Tests/FieryCrucibleTests/FieryCrucibleTests.swift /* FieryCrucibleTests.swift */,
			);
			name = FieryCrucibleTests;
			path = Tests/FieryCrucibleTests;
			sourceTree = "<group>";
		};
		"_______Tests_" /* Tests */ = {
			isa = PBXGroup;
			children = (
				"_______Group_FieryCrucibleTests" /* FieryCrucibleTests */,
			);
			name = Tests;
			sourceTree = "<group>";
		};
/* End PBXGroup section */

/* Begin PBXNativeTarget section */
		"______Target_FieryCrucible" /* FieryCrucible */ = {
			isa = PBXNativeTarget;
			buildConfigurationList = "_______Confs_FieryCrucible" /* Build configuration list for PBXNativeTarget "FieryCrucible" */;
			buildPhases = (
				CompilePhase_FieryCrucible /* Sources */,
				"___LinkPhase_FieryCrucible" /* Frameworks */,
			);
			buildRules = (
			);
			dependencies = (
			);
			name = FieryCrucible;
			productName = FieryCrucible;
			productReference = "_____Product_FieryCrucible" /* FieryCrucible.framework */;
			productType = "com.apple.product-type.framework";
		};
		"______Target_FieryCrucibleTests" /* FieryCrucibleTests */ = {
			isa = PBXNativeTarget;
			buildConfigurationList = "_______Confs_FieryCrucibleTests" /* Build configuration list for PBXNativeTarget "FieryCrucibleTests" */;
			buildPhases = (
				CompilePhase_FieryCrucibleTests /* Sources */,
				"___LinkPhase_FieryCrucibleTests" /* Frameworks */,
			);
			buildRules = (
			);
			dependencies = (
				__Dependency_FieryCrucible /* PBXTargetDependency */,
			);
			name = FieryCrucibleTests;
			productName = FieryCrucibleTests;
			productReference = "_____Product_FieryCrucibleTests" /* FieryCrucibleTests.xctest */;
			productType = "com.apple.product-type.bundle.unit-test";
		};
/* End PBXNativeTarget section */

/* Begin PBXProject section */
		__RootObject_ /* Project object */ = {
			isa = PBXProject;
			attributes = {
				LastUpgradeCheck = 9999;
			};
			buildConfigurationList = "___RootConfs_" /* Build configuration list for PBXProject "FieryCrucible" */;
			compatibilityVersion = "Xcode 3.2";
			developmentRegion = English;
			hasScannedForEncodings = 0;
			knownRegions = (
				en,
			);
			mainGroup = "___RootGroup_";
			productRefGroup = "____Products_" /* Products */;
			projectDirPath = "";
			projectRoot = "";
			targets = (
				"______Target_FieryCrucible" /* FieryCrucible */,
				"______Target_FieryCrucibleTests" /* FieryCrucibleTests */,
			);
		};
/* End PBXProject section */

/* Begin PBXSourcesBuildPhase section */
		CompilePhase_FieryCrucible /* Sources */ = {
			isa = PBXSourcesBuildPhase;
			buildActionMask = 0;
			files = (
				__src_cc_ref_Sources/DependencyFactory.swift /* DependencyFactory.swift in Sources */,
			);
			runOnlyForDeploymentPostprocessing = 0;
		};
		CompilePhase_FieryCrucibleTests /* Sources */ = {
			isa = PBXSourcesBuildPhase;
			buildActionMask = 0;
			files = (
				__src_cc_ref_Tests/FieryCrucibleTests/FieryCrucibleTests.swift /* FieryCrucibleTests.swift in Sources */,
			);
			runOnlyForDeploymentPostprocessing = 0;
		};
/* End PBXSourcesBuildPhase section */

/* Begin PBXTargetDependency section */
		__Dependency_FieryCrucible /* PBXTargetDependency */ = {
			isa = PBXTargetDependency;
			target = "______Target_FieryCrucible" /* FieryCrucible */;
			targetProxy = E5F053291DA1E7650061A18D /* PBXContainerItemProxy */;
		};
/* End PBXTargetDependency section */

/* Begin XCBuildConfiguration section */
		_ReleaseConf_FieryCrucible /* Release */ = {
			isa = XCBuildConfiguration;
			buildSettings = {
				ENABLE_TESTABILITY = YES;
				FRAMEWORK_SEARCH_PATHS = "$(PLATFORM_DIR)/Developer/Library/Frameworks";
				INFOPLIST_FILE = FieryCrucible.xcodeproj/FieryCrucible_Info.plist;
				LD_RUNPATH_SEARCH_PATHS = "$(TOOLCHAIN_DIR)/usr/lib/swift/macosx";
				OTHER_LDFLAGS = "$(inherited)";
				OTHER_SWIFT_FLAGS = "$(inherited)";
				PRODUCT_BUNDLE_IDENTIFIER = FieryCrucible;
				PRODUCT_MODULE_NAME = "$(TARGET_NAME:c99extidentifier)";
				PRODUCT_NAME = "$(TARGET_NAME:c99extidentifier)";
				SWIFT_VERSION = 3.0;
			};
			name = Release;
		};
		_ReleaseConf_FieryCrucibleTests /* Release */ = {
			isa = XCBuildConfiguration;
			buildSettings = {
				EMBEDDED_CONTENT_CONTAINS_SWIFT = YES;
				FRAMEWORK_SEARCH_PATHS = "$(PLATFORM_DIR)/Developer/Library/Frameworks";
				INFOPLIST_FILE = FieryCrucible.xcodeproj/FieryCrucibleTests_Info.plist;
				LD_RUNPATH_SEARCH_PATHS = "@loader_path/../Frameworks";
				OTHER_LDFLAGS = "$(inherited)";
				OTHER_SWIFT_FLAGS = "$(inherited)";
				SWIFT_VERSION = 3.0;
			};
			name = Release;
		};
		"___DebugConf_FieryCrucible" /* Debug */ = {
			isa = XCBuildConfiguration;
			buildSettings = {
				ENABLE_TESTABILITY = YES;
				FRAMEWORK_SEARCH_PATHS = "$(PLATFORM_DIR)/Developer/Library/Frameworks";
				INFOPLIST_FILE = FieryCrucible.xcodeproj/FieryCrucible_Info.plist;
				LD_RUNPATH_SEARCH_PATHS = "$(TOOLCHAIN_DIR)/usr/lib/swift/macosx";
				OTHER_LDFLAGS = "$(inherited)";
				OTHER_SWIFT_FLAGS = "$(inherited)";
				PRODUCT_BUNDLE_IDENTIFIER = FieryCrucible;
				PRODUCT_MODULE_NAME = "$(TARGET_NAME:c99extidentifier)";
				PRODUCT_NAME = "$(TARGET_NAME:c99extidentifier)";
				SWIFT_OPTIMIZATION_LEVEL = "-Onone";
				SWIFT_VERSION = 3.0;
			};
			name = Debug;
		};
		"___DebugConf_FieryCrucibleTests" /* Debug */ = {
			isa = XCBuildConfiguration;
			buildSettings = {
				EMBEDDED_CONTENT_CONTAINS_SWIFT = YES;
				FRAMEWORK_SEARCH_PATHS = "$(PLATFORM_DIR)/Developer/Library/Frameworks";
				INFOPLIST_FILE = FieryCrucible.xcodeproj/FieryCrucibleTests_Info.plist;
				LD_RUNPATH_SEARCH_PATHS = "@loader_path/../Frameworks";
				OTHER_LDFLAGS = "$(inherited)";
				OTHER_SWIFT_FLAGS = "$(inherited)";
				SWIFT_OPTIMIZATION_LEVEL = "-Onone";
				SWIFT_VERSION = 3.0;
			};
			name = Debug;
		};
		"_____Release_" /* Release */ = {
			isa = XCBuildConfiguration;
			baseConfigurationReference = __PBXFileRef_FieryCrucible.xcodeproj/Configs/Project.xcconfig /* FieryCrucible.xcodeproj/Configs/Project.xcconfig */;
			buildSettings = {
			};
			name = Release;
		};
		"_______Debug_" /* Debug */ = {
			isa = XCBuildConfiguration;
			baseConfigurationReference = __PBXFileRef_FieryCrucible.xcodeproj/Configs/Project.xcconfig /* FieryCrucible.xcodeproj/Configs/Project.xcconfig */;
			buildSettings = {
			};
			name = Debug;
		};
/* End XCBuildConfiguration section */

/* Begin XCConfigurationList section */
		"___RootConfs_" /* Build configuration list for PBXProject "FieryCrucible" */ = {
			isa = XCConfigurationList;
			buildConfigurations = (
				"_______Debug_" /* Debug */,
				"_____Release_" /* Release */,
			);
			defaultConfigurationIsVisible = 0;
			defaultConfigurationName = Debug;
		};
		"_______Confs_FieryCrucible" /* Build configuration list for PBXNativeTarget "FieryCrucible" */ = {
			isa = XCConfigurationList;
			buildConfigurations = (
				"___DebugConf_FieryCrucible" /* Debug */,
				_ReleaseConf_FieryCrucible /* Release */,
			);
			defaultConfigurationIsVisible = 0;
			defaultConfigurationName = Debug;
		};
		"_______Confs_FieryCrucibleTests" /* Build configuration list for PBXNativeTarget "FieryCrucibleTests" */ = {
			isa = XCConfigurationList;
			buildConfigurations = (
				"___DebugConf_FieryCrucibleTests" /* Debug */,
				_ReleaseConf_FieryCrucibleTests /* Release */,
			);
			defaultConfigurationIsVisible = 0;
			defaultConfigurationName = Debug;
		};
/* End XCConfigurationList section */
	};
	rootObject = __RootObject_ /* Project object */;
}
